PODS:
  - Alamofire (5.4.1)
  - AlamofireImage (4.1.0):
    - Alamofire (~> 5.1)
  - Bolts/Tasks (1.9.1)
  - BulletinBoard (5.0.0)
  - lottie-ios (3.2.1)
  - Mapbox-iOS-SDK (6.3.0):
    - MapboxMobileEvents (~> 0.10.4)
  - MapboxAccounts (2.3.1)
  - MapboxCommon (9.2.0)
  - MapboxCoreNavigation (1.4.0):
    - MapboxAccounts (~> 2.3.0)
    - MapboxDirections (~> 1.2.0)
    - MapboxMobileEvents (~> 0.10.2)
    - MapboxNavigationNative (~> 32.0)
    - Turf (~> 1.0)
  - MapboxDirections (1.2.0):
    - Polyline (~> 5.0)
    - Turf (~> 1.0)
  - MapboxMobileEvents (0.10.8)
  - MapboxNavigation (1.4.0):
    - Mapbox-iOS-SDK (~> 6.0)
    - MapboxCoreNavigation (= 1.4.0)
    - MapboxMobileEvents (~> 0.10.2)
    - MapboxSpeech (~> 1.0)
    - Solar (~> 2.1)
  - MapboxNavigationNative (32.0.0):
    - MapboxCommon (= 9.2.0)
  - MapboxSpeech (1.0.0)
  - MarqueeLabel (4.0.5)
  - MaterialComponents/AnimationTiming (124.1.1)
  - MaterialComponents/Availability (124.1.1)
  - MaterialComponents/private/Math (124.1.1)
  - "MaterialComponents/private/TextControlsPrivate+BaseStyle (124.1.1)":
    - MaterialComponents/AnimationTiming
    - MaterialComponents/private/Math
    - "MaterialComponents/private/TextControlsPrivate+Shared"
  - "MaterialComponents/private/TextControlsPrivate+OutlinedStyle (124.1.1)":
    - MaterialComponents/AnimationTiming
    - MaterialComponents/Availability
    - MaterialComponents/private/Math
    - "MaterialComponents/private/TextControlsPrivate+Shared"
  - "MaterialComponents/private/TextControlsPrivate+Shared (124.1.1)":
    - MaterialComponents/AnimationTiming
    - MaterialComponents/private/Math
    - "MaterialComponents/TextControls+Enums"
  - "MaterialComponents/private/TextControlsPrivate+TextFields (124.1.1)":
    - MaterialComponents/private/Math
    - "MaterialComponents/private/TextControlsPrivate+Shared"
  - "MaterialComponents/TextControls+BaseTextAreas (124.1.1)":
    - "MaterialComponents/private/TextControlsPrivate+BaseStyle"
    - "MaterialComponents/private/TextControlsPrivate+Shared"
    - MDFInternationalization
  - "MaterialComponents/TextControls+BaseTextFields (124.1.1)":
    - "MaterialComponents/private/TextControlsPrivate+BaseStyle"
    - "MaterialComponents/private/TextControlsPrivate+Shared"
    - "MaterialComponents/private/TextControlsPrivate+TextFields"
    - MDFInternationalization
  - "MaterialComponents/TextControls+Enums (124.1.1)"
  - "MaterialComponents/TextControls+OutlinedTextAreas (124.1.1)":
    - MaterialComponents/Availability
    - "MaterialComponents/private/TextControlsPrivate+OutlinedStyle"
    - "MaterialComponents/TextControls+BaseTextAreas"
  - "MaterialComponents/TextControls+OutlinedTextFields (124.1.1)":
    - MaterialComponents/Availability
    - "MaterialComponents/private/TextControlsPrivate+OutlinedStyle"
    - "MaterialComponents/TextControls+BaseTextFields"
  - MDFInternationalization (2.0.0)
  - NotificationBannerSwift (3.0.6):
    - MarqueeLabel (~> 4.0.5)
    - SnapKit (~> 5.0.1)
  - Parse (1.19.2):
    - Parse/Core (= 1.19.2)
  - Parse/Core (1.19.2):
    - Bolts/Tasks (= 1.9.1)
  - Polyline (5.0.2)
  - SnapKit (5.0.1)
  - Solar (2.1.0)
  - Turf (1.2.0)

DEPENDENCIES:
  - AlamofireImage
  - BulletinBoard
  - lottie-ios
  - Mapbox-iOS-SDK (~> 6.3.0)
  - MapboxNavigation (~> 1.4.0)
  - "MaterialComponents/TextControls+OutlinedTextAreas"
  - "MaterialComponents/TextControls+OutlinedTextFields"
  - NotificationBannerSwift (~> 3.0.0)
  - Parse

SPEC REPOS:
  trunk:
    - Alamofire
    - AlamofireImage
    - Bolts
    - BulletinBoard
    - lottie-ios
    - Mapbox-iOS-SDK
    - MapboxAccounts
    - MapboxCommon
    - MapboxCoreNavigation
    - MapboxDirections
    - MapboxMobileEvents
    - MapboxNavigation
    - MapboxNavigationNative
    - MapboxSpeech
    - MarqueeLabel
    - MaterialComponents
    - MDFInternationalization
    - NotificationBannerSwift
    - Parse
    - Polyline
    - SnapKit
    - Solar
    - Turf

SPEC CHECKSUMS:
  Alamofire: 2291f7d21ca607c491dd17642e5d40fdcda0e65c
  AlamofireImage: c4a2ba349885fb3064feb74d2e547bd42ce9be10
  Bolts: 8c1e8aab2f603387b8b9924f57d1d64f43d3ffdc
  BulletinBoard: dba77053c2a7b64953f63073f7534165af2edd21
  lottie-ios: 106e92eaf11fbed0a76590b4cdb9b5ec26123ff7
  Mapbox-iOS-SDK: 2563ed87ead6ec08f1c2090873977b8a7be335a8
  MapboxAccounts: e40ef575df5d8b7ef33d0504ff2d393f4fde0455
  MapboxCommon: 2c4ef00c10cba35302835423f4d63c6f3dea4bc4
  MapboxCoreNavigation: 7506530a8ac5c55af12a84e1c6060bf9c6e6514a
  MapboxDirections: 383df0cd65784897c2269750a42d9654c832f0ce
  MapboxMobileEvents: 36ff53b135aac486eed94b61f813c7967a0c2c6f
  MapboxNavigation: 3c2bcadb9c1ce419f23f6d2f5a8cce2254d47231
  MapboxNavigationNative: e811b9beed18c01e4693e29f843d36b4a760fa61
  MapboxSpeech: 4b3aea42e35d056fae1d7ad847a9fc0f412d911e
  MarqueeLabel: 00cc0bcd087111dca575878b3531af980559707d
  MaterialComponents: b9f58f24bf74588a83b2dce05802a11aaed5257d
  MDFInternationalization: 010097556d6b09d2c4ea38e0820ea6d37be6a314
  NotificationBannerSwift: 7021be2338f8f29cf424b0aca43da462bf9e2a1a
  Parse: 081fb8755c3000fd11df817eec235def233d0af3
  Polyline: fce41d72e1146c41c6d081f7656827226f643dff
  SnapKit: 97b92857e3df3a0c71833cce143274bf6ef8e5eb
  Solar: 2dc6e7cc39186cb0c8228fa08df76fb50c7d8f24
  Turf: aaa060138b11a8e979a19e6d81091d156a31bc58

PODFILE CHECKSUM: e5346d9899d49f812492ae28ecddc38a330324b9

COCOAPODS: 1.10.1
